
Microsoft Visual Studio Solution File, Format Version 12.00
# Visual Studio Version 17
VisualStudioVersion = 17.3.32811.315
MinimumVisualStudioVersion = 10.0.40219.1
Project("{9A19103F-16F7-4668-BE54-9A1E7A4F7556}") = "ExchangeRateApi", "ExchangeRateApi\ExchangeRateApi.csproj", "{22CA93FB-C1DA-44B7-A354-0A94A37C7DC4}"
EndProject
Project("{9A19103F-16F7-4668-BE54-9A1E7A4F7556}") = "RateFetcher", "RateFetcher\RateFetcher.csproj", "{EF3AD120-2E73-41F1-B11E-0C22EFBBE7E9}"
EndProject
Project("{FAE04EC0-301F-11D3-BF4B-00C04F79EFBC}") = "ExchangeRate.Data", "ExchangeRate.Data\ExchangeRate.Data.csproj", "{4BB62E14-8CC4-4263-831C-BF397E548C18}"
EndProject
Project("{FAE04EC0-301F-11D3-BF4B-00C04F79EFBC}") = "ExchangeRate.Core", "ExchangeRate.Core\ExchangeRate.Core.csproj", "{C8F3A501-6FE7-4BEB-899F-A1EA8EAB755B}"
EndProject
Global
	GlobalSection(SolutionConfigurationPlatforms) = preSolution
		Debug|Any CPU = Debug|Any CPU
		Release|Any CPU = Release|Any CPU
	EndGlobalSection
	GlobalSection(ProjectConfigurationPlatforms) = postSolution
		{22CA93FB-C1DA-44B7-A354-0A94A37C7DC4}.Debug|Any CPU.ActiveCfg = Debug|Any CPU
		{22CA93FB-C1DA-44B7-A354-0A94A37C7DC4}.Debug|Any CPU.Build.0 = Debug|Any CPU
		{22CA93FB-C1DA-44B7-A354-0A94A37C7DC4}.Release|Any CPU.ActiveCfg = Release|Any CPU
		{22CA93FB-C1DA-44B7-A354-0A94A37C7DC4}.Release|Any CPU.Build.0 = Release|Any CPU
		{EF3AD120-2E73-41F1-B11E-0C22EFBBE7E9}.Debug|Any CPU.ActiveCfg = Debug|Any CPU
		{EF3AD120-2E73-41F1-B11E-0C22EFBBE7E9}.Debug|Any CPU.Build.0 = Debug|Any CPU
		{EF3AD120-2E73-41F1-B11E-0C22EFBBE7E9}.Release|Any CPU.ActiveCfg = Release|Any CPU
		{EF3AD120-2E73-41F1-B11E-0C22EFBBE7E9}.Release|Any CPU.Build.0 = Release|Any CPU
		{4BB62E14-8CC4-4263-831C-BF397E548C18}.Debug|Any CPU.ActiveCfg = Debug|Any CPU
		{4BB62E14-8CC4-4263-831C-BF397E548C18}.Debug|Any CPU.Build.0 = Debug|Any CPU
		{4BB62E14-8CC4-4263-831C-BF397E548C18}.Release|Any CPU.ActiveCfg = Release|Any CPU
		{4BB62E14-8CC4-4263-831C-BF397E548C18}.Release|Any CPU.Build.0 = Release|Any CPU
		{C8F3A501-6FE7-4BEB-899F-A1EA8EAB755B}.Debug|Any CPU.ActiveCfg = Debug|Any CPU
		{C8F3A501-6FE7-4BEB-899F-A1EA8EAB755B}.Debug|Any CPU.Build.0 = Debug|Any CPU
		{C8F3A501-6FE7-4BEB-899F-A1EA8EAB755B}.Release|Any CPU.ActiveCfg = Release|Any CPU
		{C8F3A501-6FE7-4BEB-899F-A1EA8EAB755B}.Release|Any CPU.Build.0 = Release|Any CPU
	EndGlobalSection
	GlobalSection(SolutionProperties) = preSolution
		HideSolutionNode = FALSE
	EndGlobalSection
	GlobalSection(ExtensibilityGlobals) = postSolution
		SolutionGuid = {00D33FFF-0A5D-4C79-AC06-B9982CE71201}
	EndGlobalSection
EndGlobal
